Microsoft Visual Studio Solution File, Format Version 12.00
# Visual Studio Version 17
VisualStudioVersion = 17.0.31903.59
MinimumVisualStudioVersion = 10.0.40219.1
Project("{FAE04EC0-301F-11D3-BF4B-00C04F79EFBC}") = "PA10BillingApp", "PA10BillingApp\PA10BillingApp.csproj", "{AB2B3B44-0C5E-4E34-8DFD-D45B9E5E75EA}"
EndProject
Global
	GlobalSection(SolutionConfigurationPlatforms) = preSolution
		Debug|Any CPU = Debug|Any CPU
		Release|Any CPU = Release|Any CPU
	EndGlobalSection
	GlobalSection(ProjectConfigurationPlatforms) = postSolution
		{AB2B3B44-0C5E-4E34-8DFD-D45B9E5E75EA}.Debug|Any CPU.ActiveCfg = Debug|Any CPU
		{AB2B3B44-0C5E-4E34-8DFD-D45B9E5E75EA}.Debug|Any CPU.Build.0 = Debug|Any CPU
		{AB2B3B44-0C5E-4E34-8DFD-D45B9E5E75EA}.Release|Any CPU.ActiveCfg = Release|Any CPU
		{AB2B3B44-0C5E-4E34-8DFD-D45B9E5E75EA}.Release|Any CPU.Build.0 = Release|Any CPU
	EndGlobalSection
	GlobalSection(SolutionProperties) = preSolution
		HideSolutionNode = FALSE
	EndGlobalSection
EndGlobal
